
Microsoft Visual Studio Solution File, Format Version 12.00
# Visual Studio 15
Project("{FAE04EC0-301F-11D3-BF4B-00C04F79EFBC}") = "SG-Statistic", "SG-Statistic.csproj", "{EE84D94F-2452-49BB-B3B7-914C9EFCE5C0}"
EndProject
Project("{FAE04EC0-301F-11D3-BF4B-00C04F79EFBC}") = "RAW_FileReader", "..\..\..\..\..\..\Dropbox\Sarah_Z\RAW_FileReader\RAW_FileReader.csproj", "{0EEE2D61-C7A1-45B5-9DCD-F59B079AB2A5}"
EndProject
Global
	GlobalSection(SolutionConfigurationPlatforms) = preSolution
		Debug|anycpu = Debug|anycpu
		Release|anycpu = Release|anycpu
	EndGlobalSection
	GlobalSection(ProjectConfigurationPlatforms) = postSolution
		{EE84D94F-2452-49BB-B3B7-914C9EFCE5C0}.Debug|anycpu.ActiveCfg = Debug|anycpu
		{EE84D94F-2452-49BB-B3B7-914C9EFCE5C0}.Debug|anycpu.Build.0 = Debug|anycpu
		{EE84D94F-2452-49BB-B3B7-914C9EFCE5C0}.Release|anycpu.ActiveCfg = Release|anycpu
		{EE84D94F-2452-49BB-B3B7-914C9EFCE5C0}.Release|anycpu.Build.0 = Release|anycpu
		{0EEE2D61-C7A1-45B5-9DCD-F59B079AB2A5}.Debug|anycpu.ActiveCfg = Debug|Any CPU
		{0EEE2D61-C7A1-45B5-9DCD-F59B079AB2A5}.Debug|anycpu.Build.0 = Debug|Any CPU
		{0EEE2D61-C7A1-45B5-9DCD-F59B079AB2A5}.Release|anycpu.ActiveCfg = Release|Any CPU
		{0EEE2D61-C7A1-45B5-9DCD-F59B079AB2A5}.Release|anycpu.Build.0 = Release|Any CPU
	EndGlobalSection
EndGlobal
